Microsoft Visual Studio Solution File, Format Version 12.00
# Visual Studio Version 17
VisualStudioVersion = 17.0.31903.59
MinimumVisualStudioVersion = 10.0.40219.1
Project("{FAE04EC0-301F-11D3-BF4B-00C04F79EFBC}") = "ZigbeeMesh.Server", "server\\src\\ZigbeeMesh.Server\\ZigbeeMesh.Server.csproj", "{52E7D243-1153-4F85-B5B9-1B9BF39825CF}"
EndProject
Project("{FAE04EC0-301F-11D3-BF4B-00C04F79EFBC}") = "ZigbeeMesh.Server.SmokeTests", "server\\tests\\ZigbeeMesh.Server.SmokeTests\\ZigbeeMesh.Server.SmokeTests.csproj", "{9A7F74A3-A995-4859-8B50-B2C9E076F100}"
EndProject
Global
	GlobalSection(SolutionConfigurationPlatforms) = preSolution
		Debug|Any CPU = Debug|Any CPU
		Release|Any CPU = Release|Any CPU
	EndGlobalSection
	GlobalSection(ProjectConfigurationPlatforms) = postSolution
		{52E7D243-1153-4F85-B5B9-1B9BF39825CF}.Debug|Any CPU.ActiveCfg = Debug|Any CPU
		{52E7D243-1153-4F85-B5B9-1B9BF39825CF}.Debug|Any CPU.Build.0 = Debug|Any CPU
		{52E7D243-1153-4F85-B5B9-1B9BF39825CF}.Release|Any CPU.ActiveCfg = Release|Any CPU
		{52E7D243-1153-4F85-B5B9-1B9BF39825CF}.Release|Any CPU.Build.0 = Release|Any CPU
		{9A7F74A3-A995-4859-8B50-B2C9E076F100}.Debug|Any CPU.ActiveCfg = Debug|Any CPU
		{9A7F74A3-A995-4859-8B50-B2C9E076F100}.Debug|Any CPU.Build.0 = Debug|Any CPU
		{9A7F74A3-A995-4859-8B50-B2C9E076F100}.Release|Any CPU.ActiveCfg = Release|Any CPU
		{9A7F74A3-A995-4859-8B50-B2C9E076F100}.Release|Any CPU.Build.0 = Release|Any CPU
	EndGlobalSection
EndGlobal
